{
  "version": 2,
  "dependencies": {
    "net10.0": {
      "ArcForges.Build.Policy": {
        "type": "Direct",
        "requested": "[1.0.0-ci.104.4, )",
        "resolved": "1.0.0-ci.104.4",
        "contentHash": "B3aVgUKteaPL6Pzfz9fpOnTnOzM3JFj1HbTIfXKjleA6A9qyG1P3D4q8ehUcDcLk7ar+3Sh/6mw0fDUVVtR3xg=="
      },
      "Microsoft.NET.ILLink.Tasks": {
        "type": "Direct",
        "requested": "[10.0.12, )",
        "resolved": "10.0.12",
        "contentHash": "xi+BDjFpW+Sb+MHFHaH6Y/gV9I8BluFwRXc1QyCdoZbIK26eNiBeFuMTe/FMwc33G1wdHCyDg7CVTmb8OdQrMQ=="
      }
    },
    "net10.0/linux-x64": {},
    "net10.0/win-x64": {}
  }
}