{
  "version": 2,
  "dependencies": {
    "net10.0": {
      "ArcForges.Build.Policy": {
        "type": "Direct",
        "requested": "[1.0.0-ci.21.1, )",
        "resolved": "1.0.0-ci.21.1",
        "contentHash": "NoCPqli7D8QwuhcyCzlAbQIMfTbh6nHOnjQam5vGN7KH+kAqtehE+ZZ7oK4sE21whqnujCxYsAl9vjKKE0j6fQ=="
      },
      "ArcForges.Contracts.PublicApi": {
        "type": "Direct",
        "requested": "[1.0.0-ci.74.1, )",
        "resolved": "1.0.0-ci.74.1",
        "contentHash": "36NPDQqRDJLAMDF8alGsztpcEWyMcW+omWMZ05Vt3GsdhdkxgCCyxTWNOYCdmK8s5KGVhD9PiMBYX9XE+USwsA==",
        "dependencies": {
          "Google.Protobuf": "3.36.1",
          "Grpc.Core.Api": "2.83.0"
        }
      },
      "Grpc.Net.Client": {
        "type": "Direct",
        "requested": "[2.83.0, )",
        "resolved": "2.83.0",
        "contentHash": "dHYtx7hW4muttsCrWNG4/Ysb1iAIhNPEq28eo7vF166CdXn/RXOr3SGvSreIGIjvmdrADrBNJ2cUeJBto/T0XA==",
        "dependencies": {
          "Grpc.Net.Common": "2.83.0",
          "Microsoft.Extensions.Logging.Abstractions": "8.0.0"
        }
      },
      "Google.Protobuf": {
        "type": "Transitive",
        "resolved": "3.36.1",
        "contentHash": "77AqPEoaY1ODE+syYBHti0jXiwQq0J/fUr/fRyYhNlc9oKtH5dZZEr/OLKtdKNVG83PRnCYB2r8B80ZrObzOGQ=="
      },
      "Grpc.Core.Api": {
        "type": "Transitive",
        "resolved": "2.83.0",
        "contentHash": "xU8BT2bCw4Ct+/qIFJhhjkDEilKUbBOfp4US7l3Xa3hnlkN9l2LgISCbOw4PFYpW5jJFcK7FUAyWOFIQ94Hiqg=="
      },
      "Grpc.Net.Common": {
        "type": "Transitive",
        "resolved": "2.83.0",
        "contentHash": "9w52xxORdIGu4Mm8lff3psMIlarenu+7TC4uIfiiW9AyaHZ6iPE/18gIkG1DD9byGDuhjuhnN9hiviBUAmCuZw==",
        "dependencies": {
          "Grpc.Core.Api": "2.83.0"
        }
      },
      "Microsoft.Extensions.DependencyInjection.Abstractions": {
        "type": "Transitive",
        "resolved": "8.0.0",
        "contentHash": "cjWrLkJXK0rs4zofsK4bSdg+jhDLTaxrkXu4gS6Y7MAlCvRyNNgwY/lJi5RDlQOnSZweHqoyvgvbdvQsRIW+hg=="
      },
      "Microsoft.Extensions.Logging.Abstractions": {
        "type": "Transitive",
        "resolved": "8.0.0",
        "contentHash": "arDBqTgFCyS0EvRV7O3MZturChstm50OJ0y9bDJvAcmEPJm0FFpFyjU/JLYyStNGGey081DvnQYlncNX5SJJGA==",
        "dependencies": {
          "Microsoft.Extensions.DependencyInjection.Abstractions": "8.0.0"
        }
      }
    }
  }
}